
Microsoft Visual Studio Solution File, Format Version 12.00
# Visual Studio Version 16
VisualStudioVersion = 16.0.31729.503
MinimumVisualStudioVersion = 10.0.40219.1
Project("{FAE04EC0-301F-11D3-BF4B-00C04F79EFBC}") = "Brewery", "Brewery.csproj", "{F1A8E4B8-C56F-4827-BFDA-C8E253E72EDF}"
EndProject
Project("{FAE04EC0-301F-11D3-BF4B-00C04F79EFBC}") = "BreweryConsole", "..\BreweryTest\BreweryConsole.csproj", "{16D470F0-3227-49F2-AFE4-445D99D0E480}"
EndProject
Project("{FAE04EC0-301F-11D3-BF4B-00C04F79EFBC}") = "BreweryApp", "..\BreweryApp\BreweryApp.csproj", "{F46C231D-278A-4CDD-B9E0-F34228A5F60F}"
EndProject
Global
	GlobalSection(SolutionConfigurationPlatforms) = preSolution
		Debug|Any CPU = Debug|Any CPU
		Release|Any CPU = Release|Any CPU
	EndGlobalSection
	GlobalSection(ProjectConfigurationPlatforms) = postSolution
		{F1A8E4B8-C56F-4827-BFDA-C8E253E72EDF}.Debug|Any CPU.ActiveCfg = Debug|Any CPU
		{F1A8E4B8-C56F-4827-BFDA-C8E253E72EDF}.Debug|Any CPU.Build.0 = Debug|Any CPU
		{F1A8E4B8-C56F-4827-BFDA-C8E253E72EDF}.Release|Any CPU.ActiveCfg = Release|Any CPU
		{F1A8E4B8-C56F-4827-BFDA-C8E253E72EDF}.Release|Any CPU.Build.0 = Release|Any CPU
		{16D470F0-3227-49F2-AFE4-445D99D0E480}.Debug|Any CPU.ActiveCfg = Debug|Any CPU
		{16D470F0-3227-49F2-AFE4-445D99D0E480}.Debug|Any CPU.Build.0 = Debug|Any CPU
		{16D470F0-3227-49F2-AFE4-445D99D0E480}.Release|Any CPU.ActiveCfg = Release|Any CPU
		{16D470F0-3227-49F2-AFE4-445D99D0E480}.Release|Any CPU.Build.0 = Release|Any CPU
		{F46C231D-278A-4CDD-B9E0-F34228A5F60F}.Debug|Any CPU.ActiveCfg = Debug|Any CPU
		{F46C231D-278A-4CDD-B9E0-F34228A5F60F}.Debug|Any CPU.Build.0 = Debug|Any CPU
		{F46C231D-278A-4CDD-B9E0-F34228A5F60F}.Release|Any CPU.ActiveCfg = Release|Any CPU
		{F46C231D-278A-4CDD-B9E0-F34228A5F60F}.Release|Any CPU.Build.0 = Release|Any CPU
	EndGlobalSection
	GlobalSection(SolutionProperties) = preSolution
		HideSolutionNode = FALSE
	EndGlobalSection
	GlobalSection(ExtensibilityGlobals) = postSolution
		SolutionGuid = {EBFEA606-6114-4826-9771-368138B09075}
	EndGlobalSection
EndGlobal
